
Microsoft Visual Studio Solution File, Format Version 12.00
# Visual Studio Version 16
VisualStudioVersion = 16.0.30320.27
MinimumVisualStudioVersion = 10.0.40219.1
Project("{FAE04EC0-301F-11D3-BF4B-00C04F79EFBC}") = "project", "project\project.csproj", "{927D36B2-0FB9-44ED-AC65-06EA85493480}"
EndProject
Global
	GlobalSection(SolutionConfigurationPlatforms) = preSolution
		Debug|Any CPU = Debug|Any CPU
		Release|Any CPU = Release|Any CPU
	EndGlobalSection
	GlobalSection(ProjectConfigurationPlatforms) = postSolution
		{927D36B2-0FB9-44ED-AC65-06EA85493480}.Debug|Any CPU.ActiveCfg = Debug|Any CPU
		{927D36B2-0FB9-44ED-AC65-06EA85493480}.Debug|Any CPU.Build.0 = Debug|Any CPU
		{927D36B2-0FB9-44ED-AC65-06EA85493480}.Release|Any CPU.ActiveCfg = Release|Any CPU
		{927D36B2-0FB9-44ED-AC65-06EA85493480}.Release|Any CPU.Build.0 = Release|Any CPU
	EndGlobalSection
	GlobalSection(SolutionProperties) = preSolution
		HideSolutionNode = FALSE
	EndGlobalSection
	GlobalSection(ExtensibilityGlobals) = postSolution
		SolutionGuid = {1AA10C10-ED6D-47C2-A54D-9A75AC1A5EEC}
	EndGlobalSection
EndGlobal
